github.com/confluentinc/confluent-kafka-go/v2 v2.3.0 h1:icCHutJouWlQREayFwCc7lxDAhws08td+W3/gdqgZts=
github.com/confluentinc/confluent-kafka-go/v2 v2.3.0/go.mod h1:/VTy8iEpe6mD9pkCH5BhijlUl8ulUXymKv1Qig5Rgb8=
github.com/google/uuid v1.4.0 h1:MtMxsa51/r9yyhkyLsVeVt0B+BGQZzpQiTQ4eHZ8bc4=
github.com/google/uuid v1.4.0/go.mod h1:TIyPZe4MgqvfeYDBFedMoGGpEw/LqOeaOT+nhxU+yHo=
github.com/julienschmidt/httprouter v1.3.0 h1:U0609e9tgbseu3rBINet9P48AI/D3oJs4dN7jwJOQ1U=
github.com/julienschmidt/httprouter v1.3.0/go.mod h1:JR6WtHb+2LUe8TCKY3cZOxFyyO8IZAc4RVcycCCAKdM=
